
Microsoft Visual Studio Solution File, Format Version 12.00
# Visual Studio Version 16
VisualStudioVersion = 16.0.29230.61
MinimumVisualStudioVersion = 10.0.40219.1
Project("{9A19103F-16F7-4668-BE54-9A1E7A4F7556}") = "Demo.AspNetCore.Mvc.FetchStreaming", "Demo.AspNetCore.Mvc.FetchStreaming\Demo.AspNetCore.Mvc.FetchStreaming.csproj", "{75DD6E3F-E55D-4DA5-A003-81E51978EBBB}"
EndProject
Global
	GlobalSection(SolutionConfigurationPlatforms) = preSolution
		Debug|Any CPU = Debug|Any CPU
		Release|Any CPU = Release|Any CPU
	EndGlobalSection
	GlobalSection(ProjectConfigurationPlatforms) = postSolution
		{75DD6E3F-E55D-4DA5-A003-81E51978EBBB}.Debug|Any CPU.ActiveCfg = Debug|Any CPU
		{75DD6E3F-E55D-4DA5-A003-81E51978EBBB}.Debug|Any CPU.Build.0 = Debug|Any CPU
		{75DD6E3F-E55D-4DA5-A003-81E51978EBBB}.Release|Any CPU.ActiveCfg = Release|Any CPU
		{75DD6E3F-E55D-4DA5-A003-81E51978EBBB}.Release|Any CPU.Build.0 = Release|Any CPU
	EndGlobalSection
	GlobalSection(SolutionProperties) = preSolution
		HideSolutionNode = FALSE
	EndGlobalSection
	GlobalSection(ExtensibilityGlobals) = postSolution
		SolutionGuid = {AEB32B25-A8AB-4118-9501-C0DF8423A95C}
	EndGlobalSection
EndGlobal
