
Microsoft Visual Studio Solution File, Format Version 12.00
# Visual Studio Version 17
VisualStudioVersion = 17.1.31911.260
MinimumVisualStudioVersion = 10.0.40219.1
Project("{9A19103F-16F7-4668-BE54-9A1E7A4F7556}") = "Demo.Ndjson.AsyncStreams.AspNetCore.Mvc", "Demo.Ndjson.AsyncStreams.AspNetCore.Mvc\Demo.Ndjson.AsyncStreams.AspNetCore.Mvc.csproj", "{75DD6E3F-E55D-4DA5-A003-81E51978EBBB}"
EndProject
Project("{9A19103F-16F7-4668-BE54-9A1E7A4F7556}") = "Demo.WeatherForecasts", "Demo.WeatherForecasts\Demo.WeatherForecasts.csproj", "{5F6E1059-CF61-4EA6-9A2D-44C6B8949F99}"
EndProject
Project("{9A19103F-16F7-4668-BE54-9A1E7A4F7556}") = "Demo.Ndjson.AsyncStreams.Net.Http", "Demo.Ndjson.AsyncStreams.Net.Http\Demo.Ndjson.AsyncStreams.Net.Http.csproj", "{6D9AC9FF-3E29-435B-9190-2AF96ECC47EF}"
EndProject
Project("{9A19103F-16F7-4668-BE54-9A1E7A4F7556}") = "Demo.Ndjson.AsyncStreams.Blazor.WebAssembly", "Demo.Ndjson.AsyncStreams.Blazor.WebAssembly\Demo.Ndjson.AsyncStreams.Blazor.WebAssembly.csproj", "{3C86EC87-828D-4F0E-BBB1-94D7B07CC264}"
EndProject
Project("{9A19103F-16F7-4668-BE54-9A1E7A4F7556}") = "Demo.Ndjson.AsyncStreams.AspNetCore.MinimalApi", "Demo.Ndjson.AsyncStreams.AspNetCore.MinimalApi\Demo.Ndjson.AsyncStreams.AspNetCore.MinimalApi.csproj", "{9B7944E9-D6DA-4B36-BD4D-9B54F9B04D24}"
EndProject
Global
	GlobalSection(SolutionConfigurationPlatforms) = preSolution
		Debug|Any CPU = Debug|Any CPU
		Release|Any CPU = Release|Any CPU
	EndGlobalSection
	GlobalSection(ProjectConfigurationPlatforms) = postSolution
		{75DD6E3F-E55D-4DA5-A003-81E51978EBBB}.Debug|Any CPU.ActiveCfg = Debug|Any CPU
		{75DD6E3F-E55D-4DA5-A003-81E51978EBBB}.Debug|Any CPU.Build.0 = Debug|Any CPU
		{75DD6E3F-E55D-4DA5-A003-81E51978EBBB}.Release|Any CPU.ActiveCfg = Release|Any CPU
		{75DD6E3F-E55D-4DA5-A003-81E51978EBBB}.Release|Any CPU.Build.0 = Release|Any CPU
		{5F6E1059-CF61-4EA6-9A2D-44C6B8949F99}.Debug|Any CPU.ActiveCfg = Debug|Any CPU
		{5F6E1059-CF61-4EA6-9A2D-44C6B8949F99}.Debug|Any CPU.Build.0 = Debug|Any CPU
		{5F6E1059-CF61-4EA6-9A2D-44C6B8949F99}.Release|Any CPU.ActiveCfg = Release|Any CPU
		{5F6E1059-CF61-4EA6-9A2D-44C6B8949F99}.Release|Any CPU.Build.0 = Release|Any CPU
		{6D9AC9FF-3E29-435B-9190-2AF96ECC47EF}.Debug|Any CPU.ActiveCfg = Debug|Any CPU
		{6D9AC9FF-3E29-435B-9190-2AF96ECC47EF}.Debug|Any CPU.Build.0 = Debug|Any CPU
		{6D9AC9FF-3E29-435B-9190-2AF96ECC47EF}.Release|Any CPU.ActiveCfg = Release|Any CPU
		{6D9AC9FF-3E29-435B-9190-2AF96ECC47EF}.Release|Any CPU.Build.0 = Release|Any CPU
		{3C86EC87-828D-4F0E-BBB1-94D7B07CC264}.Debug|Any CPU.ActiveCfg = Debug|Any CPU
		{3C86EC87-828D-4F0E-BBB1-94D7B07CC264}.Debug|Any CPU.Build.0 = Debug|Any CPU
		{3C86EC87-828D-4F0E-BBB1-94D7B07CC264}.Release|Any CPU.ActiveCfg = Release|Any CPU
		{3C86EC87-828D-4F0E-BBB1-94D7B07CC264}.Release|Any CPU.Build.0 = Release|Any CPU
		{9B7944E9-D6DA-4B36-BD4D-9B54F9B04D24}.Debug|Any CPU.ActiveCfg = Debug|Any CPU
		{9B7944E9-D6DA-4B36-BD4D-9B54F9B04D24}.Debug|Any CPU.Build.0 = Debug|Any CPU
		{9B7944E9-D6DA-4B36-BD4D-9B54F9B04D24}.Release|Any CPU.ActiveCfg = Release|Any CPU
		{9B7944E9-D6DA-4B36-BD4D-9B54F9B04D24}.Release|Any CPU.Build.0 = Release|Any CPU
	EndGlobalSection
	GlobalSection(SolutionProperties) = preSolution
		HideSolutionNode = FALSE
	EndGlobalSection
	GlobalSection(ExtensibilityGlobals) = postSolution
		SolutionGuid = {AEB32B25-A8AB-4118-9501-C0DF8423A95C}
	EndGlobalSection
EndGlobal
